
Microsoft Visual Studio Solution File, Format Version 12.00
# Visual Studio Version 17
VisualStudioVersion = 17.10.35201.131
MinimumVisualStudioVersion = 10.0.40219.1
Project("{FAE04EC0-301F-11D3-BF4B-00C04F79EFBC}") = "StringExtensions", "Uge35Opgaver\StringExtensions.csproj", "{2C3E878A-E52D-477A-AD15-748E85DA2972}"
EndProject
Project("{FAE04EC0-301F-11D3-BF4B-00C04F79EFBC}") = "TestProject1", "TestProject1\TestProject1.csproj", "{AC42B1AC-A9F9-49DA-9575-E251BEEFBE5B}"
EndProject
Global
	GlobalSection(SolutionConfigurationPlatforms) = preSolution
		Debug|Any CPU = Debug|Any CPU
		Release|Any CPU = Release|Any CPU
	EndGlobalSection
	GlobalSection(ProjectConfigurationPlatforms) = postSolution
		{2C3E878A-E52D-477A-AD15-748E85DA2972}.Debug|Any CPU.ActiveCfg = Debug|Any CPU
		{2C3E878A-E52D-477A-AD15-748E85DA2972}.Debug|Any CPU.Build.0 = Debug|Any CPU
		{2C3E878A-E52D-477A-AD15-748E85DA2972}.Release|Any CPU.ActiveCfg = Release|Any CPU
		{2C3E878A-E52D-477A-AD15-748E85DA2972}.Release|Any CPU.Build.0 = Release|Any CPU
		{AC42B1AC-A9F9-49DA-9575-E251BEEFBE5B}.Debug|Any CPU.ActiveCfg = Debug|Any CPU
		{AC42B1AC-A9F9-49DA-9575-E251BEEFBE5B}.Debug|Any CPU.Build.0 = Debug|Any CPU
		{AC42B1AC-A9F9-49DA-9575-E251BEEFBE5B}.Release|Any CPU.ActiveCfg = Release|Any CPU
		{AC42B1AC-A9F9-49DA-9575-E251BEEFBE5B}.Release|Any CPU.Build.0 = Release|Any CPU
	EndGlobalSection
	GlobalSection(SolutionProperties) = preSolution
		HideSolutionNode = FALSE
	EndGlobalSection
	GlobalSection(ExtensibilityGlobals) = postSolution
		SolutionGuid = {0D081670-9930-400D-99A2-D8BE7674D63E}
	EndGlobalSection
EndGlobal
